// !$*UTF8*$!
{
	archiveVersion = 1;
	classes = {
	};
	objectVersion = 50;
	objects = {

/* Begin PBXBuildFile section */
		D85D237E20EFC190001F3CED /* AppDelegate.swift in Sources */ = {isa = PBXBuildFile; fileRef = D85D237D20EFC190001F3CED /* AppDelegate.swift */; };
		D85D238020EFC190001F3CED /* TodoListViewController.swift in Sources */ = {isa = PBXBuildFile; fileRef = D85D237F20EFC190001F3CED /* TodoListViewController.swift */; };
		D85D238320EFC190001F3CED /* Main.storyboard in Resources */ = {isa = PBXBuildFile; fileRef = D85D238120EFC190001F3CED /* Main.storyboard */; };
		D85D238520EFC191001F3CED /* Assets.xcassets in Resources */ = {isa = PBXBuildFile; fileRef = D85D238420EFC191001F3CED /* Assets.xcassets */; };
		D85D238820EFC191001F3CED /* LaunchScreen.storyboard in Resources */ = {isa = PBXBuildFile; fileRef = D85D238620EFC191001F3CED /* LaunchScreen.storyboard */; };
		D85D239020F0A375001F3CED /* Todo.swift in Sources */ = {isa = PBXBuildFile; fileRef = D85D238F20F0A375001F3CED /* Todo.swift */; };
		D85D239220F0F429001F3CED /* TodoItem.swift in Sources */ = {isa = PBXBuildFile; fileRef = D85D239120F0F429001F3CED /* TodoItem.swift */; };
		D85D239420F24A4E001F3CED /* ItemDetailViewController.swift in Sources */ = {isa = PBXBuildFile; fileRef = D85D239320F24A4E001F3CED /* ItemDetailViewController.swift */; };
		D8B5DAFD20F9A03400DF1EEF /* TodoItemTableViewCell.swift in Sources */ = {isa = PBXBuildFile; fileRef = D8B5DAFC20F9A03400DF1EEF /* TodoItemTableViewCell.swift */; };
/* End PBXBuildFile section */

/* Begin PBXFileReference section */
		D85D237A20EFC190001F3CED /* TodoApp.app */ = {isa = PBXFileReference; explicitFileType = wrapper.application; includeInIndex = 0; path = TodoApp.app; sourceTree = BUILT_PRODUCTS_DIR; };
		D85D237D20EFC190001F3CED /* AppDelegate.swift */ = {isa = PBXFileReference; lastKnownFileType = sourcecode.swift; path = AppDelegate.swift; sourceTree = "<group>"; };
		D85D237F20EFC190001F3CED /* TodoListViewController.swift */ = {isa = PBXFileReference; lastKnownFileType = sourcecode.swift; path = TodoListViewController.swift; sourceTree = "<group>"; };
		D85D238220EFC190001F3CED /* Base */ = {isa = PBXFileReference; lastKnownFileType = file.storyboard; name = Base; path = Base.lproj/Main.storyboard; sourceTree = "<group>"; };
		D85D238420EFC191001F3CED /* Assets.xcassets */ = {isa = PBXFileReference; lastKnownFileType = folder.assetcatalog; path = Assets.xcassets; sourceTree = "<group>"; };
		D85D238720EFC191001F3CED /* Base */ = {isa = PBXFileReference; lastKnownFileType = file.storyboard; name = Base; path = Base.lproj/LaunchScreen.storyboard; sourceTree = "<group>"; };
		D85D238920EFC191001F3CED /* Info.plist */ = {isa = PBXFileReference; lastKnownFileType = text.plist.xml; path = Info.plist; sourceTree = "<group>"; };
		D85D238F20F0A375001F3CED /* Todo.swift */ = {isa = PBXFileReference; lastKnownFileType = sourcecode.swift; path = Todo.swift; sourceTree = "<group>"; };
		D85D239120F0F429001F3CED /* TodoItem.swift */ = {isa = PBXFileReference; lastKnownFileType = sourcecode.swift; path = TodoItem.swift; sourceTree = "<group>"; };
		D85D239320F24A4E001F3CED /* ItemDetailViewController.swift */ = {isa = PBXFileReference; lastKnownFileType = sourcecode.swift; path = ItemDetailViewController.swift; sourceTree = "<group>"; };
		D8B5DAFC20F9A03400DF1EEF /* TodoItemTableViewCell.swift */ = {isa = PBXFileReference; lastKnownFileType = sourcecode.swift; path = TodoItemTableViewCell.swift; sourceTree = "<group>"; };
/* End PBXFileReference section */

/* Begin PBXFrameworksBuildPhase section */
		D85D237720EFC190001F3CED /* Frameworks */ = {
			isa = PBXFrameworksBuildPhase;
			buildActionMask = 2147483647;
			files = (
			);
			runOnlyForDeploymentPostprocessing = 0;
		};
/* End PBXFrameworksBuildPhase section */

/* Begin PBXGroup section */
		D85D237120EFC190001F3CED = {
			isa = PBXGroup;
			children = (
				D85D237C20EFC190001F3CED /* TodoApp */,
				D85D237B20EFC190001F3CED /* Products */,
			);
			sourceTree = "<group>";
		};
		D85D237B20EFC190001F3CED /* Products */ = {
			isa = PBXGroup;
			children = (
				D85D237A20EFC190001F3CED /* TodoApp.app */,
			);
			name = Products;
			sourceTree = "<group>";
		};
		D85D237C20EFC190001F3CED /* TodoApp */ = {
			isa = PBXGroup;
			children = (
				D85D238120EFC190001F3CED /* Main.storyboard */,
				D85D237F20EFC190001F3CED /* TodoListViewController.swift */,
				D85D239320F24A4E001F3CED /* ItemDetailViewController.swift */,
				D8B5DB0320F9DC1400DF1EEF /* Model */,
				D8B5DB0420F9DC2700DF1EEF /* View */,
				D8B5DB0520F9DCA600DF1EEF /* Supporting Files */,
			);
			path = TodoApp;
			sourceTree = "<group>";
		};
		D8B5DB0320F9DC1400DF1EEF /* Model */ = {
			isa = PBXGroup;
			children = (
				D85D238F20F0A375001F3CED /* Todo.swift */,
				D85D239120F0F429001F3CED /* TodoItem.swift */,
			);
			path = Model;
			sourceTree = "<group>";
		};
		D8B5DB0420F9DC2700DF1EEF /* View */ = {
			isa = PBXGroup;
			children = (
				D8B5DAFC20F9A03400DF1EEF /* TodoItemTableViewCell.swift */,
			);
			path = View;
			sourceTree = "<group>";
		};
		D8B5DB0520F9DCA600DF1EEF /* Supporting Files */ = {
			isa = PBXGroup;
			children = (
				D85D237D20EFC190001F3CED /* AppDelegate.swift */,
				D85D238620EFC191001F3CED /* LaunchScreen.storyboard */,
				D85D238420EFC191001F3CED /* Assets.xcassets */,
				D85D238920EFC191001F3CED /* Info.plist */,
			);
			path = "Supporting Files";
			sourceTree = "<group>";
		};
/* End PBXGroup section */

/* Begin PBXNativeTarget section */
		D85D237920EFC190001F3CED /* TodoApp */ = {
			isa = PBXNativeTarget;
			buildConfigurationList = D85D238C20EFC191001F3CED /* Build configuration list for PBXNativeTarget "TodoApp" */;
			buildPhases = (
				D85D237620EFC190001F3CED /* Sources */,
				D85D237720EFC190001F3CED /* Frameworks */,
				D85D237820EFC190001F3CED /* Resources */,
			);
			buildRules = (
			);
			dependencies = (
			);
			name = TodoApp;
			productName = TodoApp;
			productReference = D85D237A20EFC190001F3CED /* TodoApp.app */;
			productType = "com.apple.product-type.application";
		};
/* End PBXNativeTarget section */

/* Begin PBXProject section */
		D85D237220EFC190001F3CED /* Project object */ = {
			isa = PBXProject;
			attributes = {
				LastSwiftUpdateCheck = 0940;
				LastUpgradeCheck = 0940;
				ORGANIZATIONNAME = pop;
				TargetAttributes = {
					D85D237920EFC190001F3CED = {
						CreatedOnToolsVersion = 9.4.1;
					};
				};
			};
			buildConfigurationList = D85D237520EFC190001F3CED /* Build configuration list for PBXProject "TodoApp" */;
			compatibilityVersion = "Xcode 9.3";
			developmentRegion = en;
			hasScannedForEncodings = 0;
			knownRegions = (
				en,
				Base,
			);
			mainGroup = D85D237120EFC190001F3CED;
			productRefGroup = D85D237B20EFC190001F3CED /* Products */;
			projectDirPath = "";
			projectRoot = "";
			targets = (
				D85D237920EFC190001F3CED /* TodoApp */,
			);
		};
/* End PBXProject section */

/* Begin PBXResourcesBuildPhase section */
		D85D237820EFC190001F3CED /* Resources */ = {
			isa = PBXResourcesBuildPhase;
			buildActionMask = 2147483647;
			files = (
				D85D238820EFC191001F3CED /* LaunchScreen.storyboard in Resources */,
				D85D238520EFC191001F3CED /* Assets.xcassets in Resources */,
				D85D238320EFC190001F3CED /* Main.storyboard in Resources */,
			);
			runOnlyForDeploymentPostprocessing = 0;
		};
/* End PBXResourcesBuildPhase section */

/* Begin PBXSourcesBuildPhase section */
		D85D237620EFC190001F3CED /* Sources */ = {
			isa = PBXSourcesBuildPhase;
			buildActionMask = 2147483647;
			files = (
				D85D238020EFC190001F3CED /* TodoListViewController.swift in Sources */,
				D85D239020F0A375001F3CED /* Todo.swift in Sources */,
				D8B5DAFD20F9A03400DF1EEF /* TodoItemTableViewCell.swift in Sources */,
				D85D239220F0F429001F3CED /* TodoItem.swift in Sources */,
				D85D239420F24A4E001F3CED /* ItemDetailViewController.swift in Sources */,
				D85D237E20EFC190001F3CED /* AppDelegate.swift in Sources */,
			);
			runOnlyForDeploymentPostprocessing = 0;
		};
/* End PBXSourcesBuildPhase section */

/* Begin PBXVariantGroup section */
		D85D238120EFC190001F3CED /* Main.storyboard */ = {
			isa = PBXVariantGroup;
			children = (
				D85D238220EFC190001F3CED /* Base */,
			);
			name = Main.storyboard;
			sourceTree = "<group>";
		};
		D85D238620EFC191001F3CED /* LaunchScreen.storyboard */ = {
			isa = PBXVariantGroup;
			children = (
				D85D238720EFC191001F3CED /* Base */,
			);
			name = LaunchScreen.storyboard;
			sourceTree = "<group>";
		};
/* End PBXVariantGroup section */

/* Begin XCBuildConfiguration section */
		D85D238A20EFC191001F3CED /* Debug */ = {
			isa = XCBuildConfiguration;
			buildSettings = {
				ALWAYS_SEARCH_USER_PATHS = NO;
				CLANG_ANALYZER_NONNULL = YES;
				CLANG_ANALYZER_NUMBER_OBJECT_CONVERSION = YES_AGGRESSIVE;
				CLANG_CXX_LANGUAGE_STANDARD = "gnu++14";
				CLANG_CXX_LIBRARY = "libc++";
				CLANG_ENABLE_MODULES = YES;
				CLANG_ENABLE_OBJC_ARC = YES;
				CLANG_ENABLE_OBJC_WEAK = YES;
				CLANG_WARN_BLOCK_CAPTURE_AUTORELEASING = YES;
				CLANG_WARN_BOOL_CONVERSION = YES;
				CLANG_WARN_COMMA = YES;
				CLANG_WARN_CONSTANT_CONVERSION = YES;
				CLANG_WARN_DEPRECATED_OBJC_IMPLEMENTATIONS = YES;
				CLANG_WARN_DIRECT_OBJC_ISA_USAGE = YES_ERROR;
				CLANG_WARN_DOCUMENTATION_COMMENTS = YES;
				CLANG_WARN_EMPTY_BODY = YES;
				CLANG_WARN_ENUM_CONVERSION = YES;
				CLANG_WARN_INFINITE_RECURSION = YES;
				CLANG_WARN_INT_CONVERSION = YES;
				CLANG_WARN_NON_LITERAL_NULL_CONVERSION = YES;
				CLANG_WARN_OBJC_IMPLICIT_RETAIN_SELF = YES;
				CLANG_WARN_OBJC_LITERAL_CONVERSION = YES;
				CLANG_WARN_OBJC_ROOT_CLASS = YES_ERROR;
				CLANG_WARN_RANGE_LOOP_ANALYSIS = YES;
				CLANG_WARN_STRICT_PROTOTYPES = YES;
				CLANG_WARN_SUSPICIOUS_MOVE = YES;
				CLANG_WARN_UNGUARDED_AVAILABILITY = YES_AGGRESSIVE;
				CLANG_WARN_UNREACHABLE_CODE = YES;
				CLANG_WARN__DUPLICATE_METHOD_MATCH = YES;
				CODE_SIGN_IDENTITY = "iPhone Developer";
				COPY_PHASE_STRIP = NO;
				DEBUG_INFORMATION_FORMAT = dwarf;
				ENABLE_STRICT_OBJC_MSGSEND = YES;
				ENABLE_TESTABILITY = YES;
				GCC_C_LANGUAGE_STANDARD = gnu11;
				GCC_DYNAMIC_NO_PIC = NO;
				GCC_NO_COMMON_BLOCKS = YES;
				GCC_OPTIMIZATION_LEVEL = 0;
				GCC_PREPROCESSOR_DEFINITIONS = (
					"DEBUG=1",
					"$(inherited)",
				);
				GCC_WARN_64_TO_32_BIT_CONVERSION = YES;
				GCC_WARN_ABOUT_RETURN_TYPE = YES_ERROR;
				GCC_WARN_UNDECLARED_SELECTOR = YES;
				GCC_WARN_UNINITIALIZED_AUTOS = YES_AGGRESSIVE;
				GCC_WARN_UNUSED_FUNCTION = YES;
				GCC_WARN_UNUSED_VARIABLE = YES;
				IPHONEOS_DEPLOYMENT_TARGET = 11.4;
				MTL_ENABLE_DEBUG_INFO = YES;
				ONLY_ACTIVE_ARCH = YES;
				SDKROOT = iphoneos;
				SWIFT_ACTIVE_COMPILATION_CONDITIONS = DEBUG;
				SWIFT_OPTIMIZATION_LEVEL = "-Onone";
			};
			name = Debug;
		};
		D85D238B20EFC191001F3CED /* Release */ = {
			isa = XCBuildConfiguration;
			buildSettings = {
				ALWAYS_SEARCH_USER_PATHS = NO;
				CLANG_ANALYZER_NONNULL = YES;
				CLANG_ANALYZER_NUMBER_OBJECT_CONVERSION = YES_AGGRESSIVE;
				CLANG_CXX_LANGUAGE_STANDARD = "gnu++14";
				CLANG_CXX_LIBRARY = "libc++";
				CLANG_ENABLE_MODULES = YES;
				CLANG_ENABLE_OBJC_ARC = YES;
				CLANG_ENABLE_OBJC_WEAK = YES;
				CLANG_WARN_BLOCK_CAPTURE_AUTORELEASING = YES;
				CLANG_WARN_BOOL_CONVERSION = YES;
				CLANG_WARN_COMMA = YES;
				CLANG_WARN_CONSTANT_CONVERSION = YES;
				CLANG_WARN_DEPRECATED_OBJC_IMPLEMENTATIONS = YES;
				CLANG_WARN_DIRECT_OBJC_ISA_USAGE = YES_ERROR;
				CLANG_WARN_DOCUMENTATION_COMMENTS = YES;
				CLANG_WARN_EMPTY_BODY = YES;
				CLANG_WARN_ENUM_CONVERSION = YES;
				CLANG_WARN_INFINITE_RECURSION = YES;
				CLANG_WARN_INT_CONVERSION = YES;
				CLANG_WARN_NON_LITERAL_NULL_CONVERSION = YES;
				CLANG_WARN_OBJC_IMPLICIT_RETAIN_SELF = YES;
				CLANG_WARN_OBJC_LITERAL_CONVERSION = YES;
				CLANG_WARN_OBJC_ROOT_CLASS = YES_ERROR;
				CLANG_WARN_RANGE_LOOP_ANALYSIS = YES;
				CLANG_WARN_STRICT_PROTOTYPES = YES;
				CLANG_WARN_SUSPICIOUS_MOVE = YES;
				CLANG_WARN_UNGUARDED_AVAILABILITY = YES_AGGRESSIVE;
				CLANG_WARN_UNREACHABLE_CODE = YES;
				CLANG_WARN__DUPLICATE_METHOD_MATCH = YES;
				CODE_SIGN_IDENTITY = "iPhone Developer";
				COPY_PHASE_STRIP = NO;
				DEBUG_INFORMATION_FORMAT = "dwarf-with-dsym";
				ENABLE_NS_ASSERTIONS = NO;
				ENABLE_STRICT_OBJC_MSGSEND = YES;
				GCC_C_LANGUAGE_STANDARD = gnu11;
				GCC_NO_COMMON_BLOCKS = YES;
				GCC_WARN_64_TO_32_BIT_CONVERSION = YES;
				GCC_WARN_ABOUT_RETURN_TYPE = YES_ERROR;
				GCC_WARN_UNDECLARED_SELECTOR = YES;
				GCC_WARN_UNINITIALIZED_AUTOS = YES_AGGRESSIVE;
				GCC_WARN_UNUSED_FUNCTION = YES;
				GCC_WARN_UNUSED_VARIABLE = YES;
				IPHONEOS_DEPLOYMENT_TARGET = 11.4;
				MTL_ENABLE_DEBUG_INFO = NO;
				SDKROOT = iphoneos;
				SWIFT_COMPILATION_MODE = wholemodule;
				SWIFT_OPTIMIZATION_LEVEL = "-O";
				VALIDATE_PRODUCT = YES;
			};
			name = Release;
		};
		D85D238D20EFC191001F3CED /* Debug */ = {
			isa = XCBuildConfiguration;
			buildSettings = {
				ASSETCATALOG_COMPILER_APPICON_NAME = AppIcon;
				CODE_SIGN_STYLE = Automatic;
				DEVELOPMENT_TEAM = 934E82A6FW;
				INFOPLIST_FILE = "TodoApp/Supporting Files/Info.plist";
				LD_RUNPATH_SEARCH_PATHS = (
					"$(inherited)",
					"@executable_path/Frameworks",
				);
				PRODUCT_BUNDLE_IDENTIFIER = com.supakit.TodoApp;
				PRODUCT_NAME = "$(TARGET_NAME)";
				SWIFT_VERSION = 4.0;
				TARGETED_DEVICE_FAMILY = "1,2";
			};
			name = Debug;
		};
		D85D238E20EFC191001F3CED /* Release */ = {
			isa = XCBuildConfiguration;
			buildSettings = {
				ASSETCATALOG_COMPILER_APPICON_NAME = AppIcon;
				CODE_SIGN_STYLE = Automatic;
				DEVELOPMENT_TEAM = 934E82A6FW;
				INFOPLIST_FILE = "TodoApp/Supporting Files/Info.plist";
				LD_RUNPATH_SEARCH_PATHS = (
					"$(inherited)",
					"@executable_path/Frameworks",
				);
				PRODUCT_BUNDLE_IDENTIFIER = com.supakit.TodoApp;
				PRODUCT_NAME = "$(TARGET_NAME)";
				SWIFT_VERSION = 4.0;
				TARGETED_DEVICE_FAMILY = "1,2";
			};
			name = Release;
		};
/* End XCBuildConfiguration section */

/* Begin XCConfigurationList section */
		D85D237520EFC190001F3CED /* Build configuration list for PBXProject "TodoApp" */ = {
			isa = XCConfigurationList;
			buildConfigurations = (
				D85D238A20EFC191001F3CED /* Debug */,
				D85D238B20EFC191001F3CED /* Release */,
			);
			defaultConfigurationIsVisible = 0;
			defaultConfigurationName = Release;
		};
		D85D238C20EFC191001F3CED /* Build configuration list for PBXNativeTarget "TodoApp" */ = {
			isa = XCConfigurationList;
			buildConfigurations = (
				D85D238D20EFC191001F3CED /* Debug */,
				D85D238E20EFC191001F3CED /* Release */,
			);
			defaultConfigurationIsVisible = 0;
			defaultConfigurationName = Release;
		};
/* End XCConfigurationList section */
	};
	rootObject = D85D237220EFC190001F3CED /* Project object */;
}
